{
  "object": {
    "pins": [
      {
        "package": "GXUtilz",
        "repositoryURL": "https://gitlab.com/garpix/packages/swiftui/gxutilz",
        "state": {
          "branch": null,
          "revision": "a79bfdeb05452c9b979801124f443f9056349103",
          "version": "1.2.0"
        }
      }
    ]
  },
  "version": 1
}
